
Microsoft Visual Studio Solution File, Format Version 12.00
# Visual Studio Version 17
VisualStudioVersion = 17.0.32014.148
MinimumVisualStudioVersion = 10.0.40219.1
Project("{9A19103F-16F7-4668-BE54-9A1E7A4F7556}") = "HP.BACKEND.ENTITIES", "HP.BACKEND.ENTITIES\HP.BACKEND.ENTITIES.csproj", "{459AAA50-3465-41A2-B07D-86CC9A7E1557}"
EndProject
Project("{9A19103F-16F7-4668-BE54-9A1E7A4F7556}") = "HP.BACKEND.REPOSITORY", "HP.BACKEND.REPOSITORY\HP.BACKEND.REPOSITORY.csproj", "{E9A1E236-45F2-4381-96FB-D333C518F02F}"
EndProject
Project("{9A19103F-16F7-4668-BE54-9A1E7A4F7556}") = "HP.BACKEND.BUSINESS", "HP.BACKEND.BUSINESS\HP.BACKEND.BUSINESS.csproj", "{D950B869-0E17-4276-A31B-150BB7231399}"
EndProject
Project("{9A19103F-16F7-4668-BE54-9A1E7A4F7556}") = "HP.BACKEND.API", "HP.BACKEND.API\HP.BACKEND.API.csproj", "{4C94ED4B-91BE-49F0-84F4-F488E35B5C37}"
EndProject
Project("{9A19103F-16F7-4668-BE54-9A1E7A4F7556}") = "HP.BACKEND.COMMON", "HP.BACKEND.COMMON\HP.BACKEND.COMMON.csproj", "{4AC13003-D1A9-4416-B273-EA2934E1F79C}"
EndProject
Project("{FAE04EC0-301F-11D3-BF4B-00C04F79EFBC}") = "HP.BACKEND.TEST", "HP.BACKEND.TEST\HP.BACKEND.TEST.csproj", "{AB4908B7-BB47-4584-A219-AFD21E8FD957}"
EndProject
Global
	GlobalSection(SolutionConfigurationPlatforms) = preSolution
		Debug|Any CPU = Debug|Any CPU
		Release|Any CPU = Release|Any CPU
	EndGlobalSection
	GlobalSection(ProjectConfigurationPlatforms) = postSolution
		{459AAA50-3465-41A2-B07D-86CC9A7E1557}.Debug|Any CPU.ActiveCfg = Debug|Any CPU
		{459AAA50-3465-41A2-B07D-86CC9A7E1557}.Debug|Any CPU.Build.0 = Debug|Any CPU
		{459AAA50-3465-41A2-B07D-86CC9A7E1557}.Release|Any CPU.ActiveCfg = Release|Any CPU
		{459AAA50-3465-41A2-B07D-86CC9A7E1557}.Release|Any CPU.Build.0 = Release|Any CPU
		{E9A1E236-45F2-4381-96FB-D333C518F02F}.Debug|Any CPU.ActiveCfg = Debug|Any CPU
		{E9A1E236-45F2-4381-96FB-D333C518F02F}.Debug|Any CPU.Build.0 = Debug|Any CPU
		{E9A1E236-45F2-4381-96FB-D333C518F02F}.Release|Any CPU.ActiveCfg = Release|Any CPU
		{E9A1E236-45F2-4381-96FB-D333C518F02F}.Release|Any CPU.Build.0 = Release|Any CPU
		{D950B869-0E17-4276-A31B-150BB7231399}.Debug|Any CPU.ActiveCfg = Debug|Any CPU
		{D950B869-0E17-4276-A31B-150BB7231399}.Debug|Any CPU.Build.0 = Debug|Any CPU
		{D950B869-0E17-4276-A31B-150BB7231399}.Release|Any CPU.ActiveCfg = Release|Any CPU
		{D950B869-0E17-4276-A31B-150BB7231399}.Release|Any CPU.Build.0 = Release|Any CPU
		{4C94ED4B-91BE-49F0-84F4-F488E35B5C37}.Debug|Any CPU.ActiveCfg = Debug|Any CPU
		{4C94ED4B-91BE-49F0-84F4-F488E35B5C37}.Debug|Any CPU.Build.0 = Debug|Any CPU
		{4C94ED4B-91BE-49F0-84F4-F488E35B5C37}.Release|Any CPU.ActiveCfg = Release|Any CPU
		{4C94ED4B-91BE-49F0-84F4-F488E35B5C37}.Release|Any CPU.Build.0 = Release|Any CPU
		{4AC13003-D1A9-4416-B273-EA2934E1F79C}.Debug|Any CPU.ActiveCfg = Debug|Any CPU
		{4AC13003-D1A9-4416-B273-EA2934E1F79C}.Debug|Any CPU.Build.0 = Debug|Any CPU
		{4AC13003-D1A9-4416-B273-EA2934E1F79C}.Release|Any CPU.ActiveCfg = Release|Any CPU
		{4AC13003-D1A9-4416-B273-EA2934E1F79C}.Release|Any CPU.Build.0 = Release|Any CPU
		{AB4908B7-BB47-4584-A219-AFD21E8FD957}.Debug|Any CPU.ActiveCfg = Debug|Any CPU
		{AB4908B7-BB47-4584-A219-AFD21E8FD957}.Debug|Any CPU.Build.0 = Debug|Any CPU
		{AB4908B7-BB47-4584-A219-AFD21E8FD957}.Release|Any CPU.ActiveCfg = Release|Any CPU
		{AB4908B7-BB47-4584-A219-AFD21E8FD957}.Release|Any CPU.Build.0 = Release|Any CPU
	EndGlobalSection
	GlobalSection(SolutionProperties) = preSolution
		HideSolutionNode = FALSE
	EndGlobalSection
	GlobalSection(ExtensibilityGlobals) = postSolution
		SolutionGuid = {1B4C59AB-9B76-4036-BF76-85BC69F7DF74}
	EndGlobalSection
EndGlobal
